// !$*UTF8*$!
{
	archiveVersion = 1;
	classes = {
	};
	objectVersion = 46;
	objects = {

/* Begin PBXBuildFile section */
		6972756C1D7B2181002E9D1A /* AppDelegate.swift in Sources */ = {isa = PBXBuildFile; fileRef = 6972756B1D7B2181002E9D1A /* AppDelegate.swift */; };
		6972756E1D7B2181002E9D1A /* ViewController.swift in Sources */ = {isa = PBXBuildFile; fileRef = 6972756D1D7B2181002E9D1A /* ViewController.swift */; };
		697275711D7B2181002E9D1A /* Main.storyboard in Resources */ = {isa = PBXBuildFile; fileRef = 6972756F1D7B2181002E9D1A /* Main.storyboard */; };
		697275731D7B2181002E9D1A /* Assets.xcassets in Resources */ = {isa = PBXBuildFile; fileRef = 697275721D7B2181002E9D1A /* Assets.xcassets */; };
		697275761D7B2181002E9D1A /* LaunchScreen.storyboard in Resources */ = {isa = PBXBuildFile; fileRef = 697275741D7B2181002E9D1A /* LaunchScreen.storyboard */; };
		6972757E1D7BB663002E9D1A /* NOVASOLID TRIAL___.otf in Resources */ = {isa = PBXBuildFile; fileRef = 6972757D1D7BB663002E9D1A /* NOVASOLID TRIAL___.otf */; };
/* End PBXBuildFile section */

/* Begin PBXFileReference section */
		697275681D7B2181002E9D1A /* Blabber.app */ = {isa = PBXFileReference; explicitFileType = wrapper.application; includeInIndex = 0; path = Blabber.app; sourceTree = BUILT_PRODUCTS_DIR; };
		6972756B1D7B2181002E9D1A /* AppDelegate.swift */ = {isa = PBXFileReference; lastKnownFileType = sourcecode.swift; path = AppDelegate.swift; sourceTree = "<group>"; };
		6972756D1D7B2181002E9D1A /* ViewController.swift */ = {isa = PBXFileReference; lastKnownFileType = sourcecode.swift; path = ViewController.swift; sourceTree = "<group>"; };
		697275701D7B2181002E9D1A /* Base */ = {isa = PBXFileReference; lastKnownFileType = file.storyboard; name = Base; path = Base.lproj/Main.storyboard; sourceTree = "<group>"; };
		697275721D7B2181002E9D1A /* Assets.xcassets */ = {isa = PBXFileReference; lastKnownFileType = folder.assetcatalog; path = Assets.xcassets; sourceTree = "<group>"; };
		697275751D7B2181002E9D1A /* Base */ = {isa = PBXFileReference; lastKnownFileType = file.storyboard; name = Base; path = Base.lproj/LaunchScreen.storyboard; sourceTree = "<group>"; };
		697275771D7B2181002E9D1A /* Info.plist */ = {isa = PBXFileReference; lastKnownFileType = text.plist.xml; path = Info.plist; sourceTree = "<group>"; };
		6972757D1D7BB663002E9D1A /* NOVASOLID TRIAL___.otf */ = {isa = PBXFileReference; lastKnownFileType = file; path = "NOVASOLID TRIAL___.otf"; sourceTree = "<group>"; };
/* End PBXFileReference section */

/* Begin PBXFrameworksBuildPhase section */
		697275651D7B2181002E9D1A /* Frameworks */ = {
			isa = PBXFrameworksBuildPhase;
			buildActionMask = 2147483647;
			files = (
			);
			runOnlyForDeploymentPostprocessing = 0;
		};
/* End PBXFrameworksBuildPhase section */

/* Begin PBXGroup section */
		6972755F1D7B2181002E9D1A = {
			isa = PBXGroup;
			children = (
				6972756A1D7B2181002E9D1A /* Blabber */,
				697275691D7B2181002E9D1A /* Products */,
			);
			sourceTree = "<group>";
		};
		697275691D7B2181002E9D1A /* Products */ = {
			isa = PBXGroup;
			children = (
				697275681D7B2181002E9D1A /* Blabber.app */,
			);
			name = Products;
			sourceTree = "<group>";
		};
		6972756A1D7B2181002E9D1A /* Blabber */ = {
			isa = PBXGroup;
			children = (
				6972756B1D7B2181002E9D1A /* AppDelegate.swift */,
				6972756D1D7B2181002E9D1A /* ViewController.swift */,
				6972756F1D7B2181002E9D1A /* Main.storyboard */,
				697275721D7B2181002E9D1A /* Assets.xcassets */,
				697275741D7B2181002E9D1A /* LaunchScreen.storyboard */,
				6972757D1D7BB663002E9D1A /* NOVASOLID TRIAL___.otf */,
				697275771D7B2181002E9D1A /* Info.plist */,
			);
			path = Blabber;
			sourceTree = "<group>";
		};
/* End PBXGroup section */

/* Begin PBXNativeTarget section */
		697275671D7B2181002E9D1A /* Blabber */ = {
			isa = PBXNativeTarget;
			buildConfigurationList = 6972757A1D7B2181002E9D1A /* Build configuration list for PBXNativeTarget "Blabber" */;
			buildPhases = (
				697275641D7B2181002E9D1A /* Sources */,
				697275651D7B2181002E9D1A /* Frameworks */,
				697275661D7B2181002E9D1A /* Resources */,
			);
			buildRules = (
			);
			dependencies = (
			);
			name = Blabber;
			productName = Blabber;
			productReference = 697275681D7B2181002E9D1A /* Blabber.app */;
			productType = "com.apple.product-type.application";
		};
/* End PBXNativeTarget section */

/* Begin PBXProject section */
		697275601D7B2181002E9D1A /* Project object */ = {
			isa = PBXProject;
			attributes = {
				LastSwiftUpdateCheck = 0730;
				LastUpgradeCheck = 0730;
				ORGANIZATIONNAME = WoodardStudios;
				TargetAttributes = {
					697275671D7B2181002E9D1A = {
						CreatedOnToolsVersion = 7.3.1;
						DevelopmentTeam = 5B8TAEFD94;
					};
				};
			};
			buildConfigurationList = 697275631D7B2181002E9D1A /* Build configuration list for PBXProject "Blabber" */;
			compatibilityVersion = "Xcode 3.2";
			developmentRegion = English;
			hasScannedForEncodings = 0;
			knownRegions = (
				en,
				Base,
			);
			mainGroup = 6972755F1D7B2181002E9D1A;
			productRefGroup = 697275691D7B2181002E9D1A /* Products */;
			projectDirPath = "";
			projectRoot = "";
			targets = (
				697275671D7B2181002E9D1A /* Blabber */,
			);
		};
/* End PBXProject section */

/* Begin PBXResourcesBuildPhase section */
		697275661D7B2181002E9D1A /* Resources */ = {
			isa = PBXResourcesBuildPhase;
			buildActionMask = 2147483647;
			files = (
				697275761D7B2181002E9D1A /* LaunchScreen.storyboard in Resources */,
				6972757E1D7BB663002E9D1A /* NOVASOLID TRIAL___.otf in Resources */,
				697275731D7B2181002E9D1A /* Assets.xcassets in Resources */,
				697275711D7B2181002E9D1A /* Main.storyboard in Resources */,
			);
			runOnlyForDeploymentPostprocessing = 0;
		};
/* End PBXResourcesBuildPhase section */

/* Begin PBXSourcesBuildPhase section */
		697275641D7B2181002E9D1A /* Sources */ = {
			isa = PBXSourcesBuildPhase;
			buildActionMask = 2147483647;
			files = (
				6972756E1D7B2181002E9D1A /* ViewController.swift in Sources */,
				6972756C1D7B2181002E9D1A /* AppDelegate.swift in Sources */,
			);
			runOnlyForDeploymentPostprocessing = 0;
		};
/* End PBXSourcesBuildPhase section */

/* Begin PBXVariantGroup section */
		6972756F1D7B2181002E9D1A /* Main.storyboard */ = {
			isa = PBXVariantGroup;
			children = (
				697275701D7B2181002E9D1A /* Base */,
			);
			name = Main.storyboard;
			sourceTree = "<group>";
		};
		697275741D7B2181002E9D1A /* LaunchScreen.storyboard */ = {
			isa = PBXVariantGroup;
			children = (
				697275751D7B2181002E9D1A /* Base */,
			);
			name = LaunchScreen.storyboard;
			sourceTree = "<group>";
		};
/* End PBXVariantGroup section */

/* Begin XCBuildConfiguration section */
		697275781D7B2181002E9D1A /* Debug */ = {
			isa = XCBuildConfiguration;
			buildSettings = {
				ALWAYS_SEARCH_USER_PATHS = NO;
				CLANG_ANALYZER_NONNULL = YES;
				CLANG_CXX_LANGUAGE_STANDARD = "gnu++0x";
				CLANG_CXX_LIBRARY = "libc++";
				CLANG_ENABLE_MODULES = YES;
				CLANG_ENABLE_OBJC_ARC = YES;
				CLANG_WARN_BOOL_CONVERSION = YES;
				CLANG_WARN_CONSTANT_CONVERSION = YES;
				CLANG_WARN_DIRECT_OBJC_ISA_USAGE = YES_ERROR;
				CLANG_WARN_EMPTY_BODY = YES;
				CLANG_WARN_ENUM_CONVERSION = YES;
				CLANG_WARN_INT_CONVERSION = YES;
				CLANG_WARN_OBJC_ROOT_CLASS = YES_ERROR;
				CLANG_WARN_UNREACHABLE_CODE = YES;
				CLANG_WARN__DUPLICATE_METHOD_MATCH = YES;
				"CODE_SIGN_IDENTITY[sdk=iphoneos*]" = "iPhone Developer";
				COPY_PHASE_STRIP = NO;
				DEBUG_INFORMATION_FORMAT = dwarf;
				ENABLE_STRICT_OBJC_MSGSEND = YES;
				ENABLE_TESTABILITY = YES;
				GCC_C_LANGUAGE_STANDARD = gnu99;
				GCC_DYNAMIC_NO_PIC = NO;
				GCC_NO_COMMON_BLOCKS = YES;
				GCC_OPTIMIZATION_LEVEL = 0;
				GCC_PREPROCESSOR_DEFINITIONS = (
					"DEBUG=1",
					"$(inherited)",
				);
				GCC_WARN_64_TO_32_BIT_CONVERSION = YES;
				GCC_WARN_ABOUT_RETURN_TYPE = YES_ERROR;
				GCC_WARN_UNDECLARED_SELECTOR = YES;
				GCC_WARN_UNINITIALIZED_AUTOS = YES_AGGRESSIVE;
				GCC_WARN_UNUSED_FUNCTION = YES;
				GCC_WARN_UNUSED_VARIABLE = YES;
				IPHONEOS_DEPLOYMENT_TARGET = 9.3;
				MTL_ENABLE_DEBUG_INFO = YES;
				ONLY_ACTIVE_ARCH = YES;
				SDKROOT = iphoneos;
				SWIFT_OPTIMIZATION_LEVEL = "-Onone";
			};
			name = Debug;
		};
		697275791D7B2181002E9D1A /* Release */ = {
			isa = XCBuildConfiguration;
			buildSettings = {
				ALWAYS_SEARCH_USER_PATHS = NO;
				CLANG_ANALYZER_NONNULL = YES;
				CLANG_CXX_LANGUAGE_STANDARD = "gnu++0x";
				CLANG_CXX_LIBRARY = "libc++";
				CLANG_ENABLE_MODULES = YES;
				CLANG_ENABLE_OBJC_ARC = YES;
				CLANG_WARN_BOOL_CONVERSION = YES;
				CLANG_WARN_CONSTANT_CONVERSION = YES;
				CLANG_WARN_DIRECT_OBJC_ISA_USAGE = YES_ERROR;
				CLANG_WARN_EMPTY_BODY = YES;
				CLANG_WARN_ENUM_CONVERSION = YES;
				CLANG_WARN_INT_CONVERSION = YES;
				CLANG_WARN_OBJC_ROOT_CLASS = YES_ERROR;
				CLANG_WARN_UNREACHABLE_CODE = YES;
				CLANG_WARN__DUPLICATE_METHOD_MATCH = YES;
				"CODE_SIGN_IDENTITY[sdk=iphoneos*]" = "iPhone Developer";
				COPY_PHASE_STRIP = NO;
				DEBUG_INFORMATION_FORMAT = "dwarf-with-dsym";
				ENABLE_NS_ASSERTIONS = NO;
				ENABLE_STRICT_OBJC_MSGSEND = YES;
				GCC_C_LANGUAGE_STANDARD = gnu99;
				GCC_NO_COMMON_BLOCKS = YES;
				GCC_WARN_64_TO_32_BIT_CONVERSION = YES;
				GCC_WARN_ABOUT_RETURN_TYPE = YES_ERROR;
				GCC_WARN_UNDECLARED_SELECTOR = YES;
				GCC_WARN_UNINITIALIZED_AUTOS = YES_AGGRESSIVE;
				GCC_WARN_UNUSED_FUNCTION = YES;
				GCC_WARN_UNUSED_VARIABLE = YES;
				IPHONEOS_DEPLOYMENT_TARGET = 9.3;
				MTL_ENABLE_DEBUG_INFO = NO;
				SDKROOT = iphoneos;
				VALIDATE_PRODUCT = YES;
			};
			name = Release;
		};
		6972757B1D7B2181002E9D1A /* Debug */ = {
			isa = XCBuildConfiguration;
			buildSettings = {
				ASSETCATALOG_COMPILER_APPICON_NAME = AppIcon;
				CODE_SIGN_IDENTITY = "iPhone Developer";
				"CODE_SIGN_IDENTITY[sdk=iphoneos*]" = "iPhone Developer";
				INFOPLIST_FILE = Blabber/Info.plist;
				IPHONEOS_DEPLOYMENT_TARGET = 9.1;
				LD_RUNPATH_SEARCH_PATHS = "$(inherited) @executable_path/Frameworks";
				PRODUCT_BUNDLE_IDENTIFIER = Com.WoodardStudios.Blabber;
				PRODUCT_NAME = "$(TARGET_NAME)";
				PROVISIONING_PROFILE = "";
			};
			name = Debug;
		};
		6972757C1D7B2181002E9D1A /* Release */ = {
			isa = XCBuildConfiguration;
			buildSettings = {
				ASSETCATALOG_COMPILER_APPICON_NAME = AppIcon;
				CODE_SIGN_IDENTITY = "iPhone Developer";
				"CODE_SIGN_IDENTITY[sdk=iphoneos*]" = "iPhone Developer";
				INFOPLIST_FILE = Blabber/Info.plist;
				IPHONEOS_DEPLOYMENT_TARGET = 9.1;
				LD_RUNPATH_SEARCH_PATHS = "$(inherited) @executable_path/Frameworks";
				PRODUCT_BUNDLE_IDENTIFIER = Com.WoodardStudios.Blabber;
				PRODUCT_NAME = "$(TARGET_NAME)";
				PROVISIONING_PROFILE = "";
			};
			name = Release;
		};
/* End XCBuildConfiguration section */

/* Begin XCConfigurationList section */
		697275631D7B2181002E9D1A /* Build configuration list for PBXProject "Blabber" */ = {
			isa = XCConfigurationList;
			buildConfigurations = (
				697275781D7B2181002E9D1A /* Debug */,
				697275791D7B2181002E9D1A /* Release */,
			);
			defaultConfigurationIsVisible = 0;
			defaultConfigurationName = Release;
		};
		6972757A1D7B2181002E9D1A /* Build configuration list for PBXNativeTarget "Blabber" */ = {
			isa = XCConfigurationList;
			buildConfigurations = (
				6972757B1D7B2181002E9D1A /* Debug */,
				6972757C1D7B2181002E9D1A /* Release */,
			);
			defaultConfigurationIsVisible = 0;
			defaultConfigurationName = Release;
		};
/* End XCConfigurationList section */
	};
	rootObject = 697275601D7B2181002E9D1A /* Project object */;
}
